github.com/cosmos/cosmos-sdk v0.45.12 h1:Z0kOOjOfHP+loO42KZZo3Y+PAZsoYycyiSckVXzwOm4=
github.com/cosmos/cosmos-sdk v0.45.12/go.mod h1:ZAdIs09zttoA3aSwQCTK9gecOThUVNnzBSVj3DiS6UY=
github.com/cosmos/gaia/v8 v8.0.0 h1:579DnTAwcfUmZWolKdcPAMlajhC/Bz9+QRiZzlCgWfg=
github.com/cosmos/gaia/v8 v8.0.0/go.mod h1:nmA9SNXwM3Do8SKbFB2js7pffFOqATLrUywZEg2/Abs=
github.com/informalsystems/tendermint v0.34.24 h1:2beNEg5tp+U5oj/Md+0xDBsMHGbdue31T3OrstS6xS0=
github.com/informalsystems/tendermint v0.34.24/go.mod h1:rXVrl4OYzmIa1I91av3iLv2HS0fGSiucyW9J4aMTpKI=
github.com/tendermint/tendermint v0.34.24 h1:879MKKJWYYPJEMMKME+DWUTY4V9f/FBpnZDI82ky+4k=
github.com/tendermint/tendermint v0.34.24/go.mod h1:rXVrl4OYzmIa1I91av3iLv2HS0fGSiucyW9J4aMTpKI=
