# Generated by buf. DO NOT EDIT.
version: v1
deps:
  - remote: buf.build
    owner: cosmos
    repository: cosmos-proto
    commit: 1935555c206d4afb9e94615dfd0fad31
  - remote: buf.build
    owner: cosmos
    repository: cosmos-sdk
    commit: b7797ff7f3814399b0c5d52e1b8227ed
  - remote: buf.build
    owner: cosmos
    repository: gogo-proto
    commit: 6652e3443c3b4504bb3bf82e73a7e409
  - remote: buf.build
    owner: googleapis
    repository: googleapis
    commit: 12fe2e1f2c354438ae6bdf44d7a54b65
